github.com/leprosus/golang-ttl-map v1.1.7 h1:cF4AAFDDnJTFSV+/42sKLhmMluvLdRlCGS2UaifH6UM=
github.com/leprosus/golang-ttl-map v1.1.7/go.mod h1:4QWHJPeVBbrkhOhXdhCv9IEiyj/YzkO04/iexy4vSe0=
github.com/tehnerd/goUtils v0.0.0-20150515130609-5a2d8fb2ded8 h1:/b777evAfRRdUJHasZLgQ/w8D/s1HtbaeDXsCVsV0B0=
github.com/tehnerd/goUtils v0.0.0-20150515130609-5a2d8fb2ded8/go.mod h1:UuuqaOb+pZOxJZtjF1mBWTo8HYa7HQCbNkwUEaG9uU0=
