github.com/leprosus/golang-ttl-map v1.1.7 h1:cF4AAFDDnJTFSV+/42sKLhmMluvLdRlCGS2UaifH6UM=
github.com/leprosus/golang-ttl-map v1.1.7/go.mod h1:4QWHJPeVBbrkhOhXdhCv9IEiyj/YzkO04/iexy4vSe0=
github.com/maxlerebourg/simpleredis v1.0.11 h1:B33TUeIrHtJH2/Qj2bRdU+UZ1BvZwFyP55JWMxHirWg=
github.com/maxlerebourg/simpleredis v1.0.11/go.mod h1:lT4LX02SOsE9PxUcSrz1QW5ZnO86gPbaiYBxmtcXEls=
