github.com/leprosus/golang-ttl-map v1.1.7 h1:cF4AAFDDnJTFSV+/42sKLhmMluvLdRlCGS2UaifH6UM=
github.com/leprosus/golang-ttl-map v1.1.7/go.mod h1:4QWHJPeVBbrkhOhXdhCv9IEiyj/YzkO04/iexy4vSe0=
github.com/maxlerebourg/simpleredis v1.0.13-0.20260904085131-f8801cc098d2 h1:fSYQSdirObi0BVp+0BS8QTuY4SmHwpm588jz6bzsF20=
github.com/maxlerebourg/simpleredis v1.0.13-0.20260904085131-f8801cc098d2/go.mod h1:lT4LX02SOsE9PxUcSrz1QW5ZnO86gPbaiYBxmtcXEls=
